{
  "name": "exonum",
  "version": "0.0.0",
  "lockfileVersion": 1,
  "requires": true,
  "dependencies": {
    "ansi-styles": {
      "version": "3.2.1",
      "resolved": "https://registry.npmjs.org/ansi-styles/-/ansi-styles-3.2.1.tgz",
      "integrity": "sha1-QfuyAkPlCxK+DwS43tvwdSDOhB0=",
      "dev": true,
      "requires": {
        "color-convert": "^1.9.0"
      }
    },
    "argparse": {
      "version": "1.0.10",
      "resolved": "https://registry.npmjs.org/argparse/-/argparse-1.0.10.tgz",
      "integrity": "sha1-vNZ5HqWuCXJeF+WtmIE0zUCz2RE=",
      "dev": true,
      "requires": {
        "sprintf-js": "~1.0.2"
      }
    },
    "balanced-match": {
      "version": "1.0.0",
      "resolved": "https://registry.npmjs.org/balanced-match/-/balanced-match-1.0.0.tgz",
      "integrity": "sha1-ibTRmasr7kneFk6gK4nORi1xt2c=",
      "dev": true
    },
    "brace-expansion": {
      "version": "1.1.11",
      "resolved": "https://registry.npmjs.org/brace-expansion/-/brace-expansion-1.1.11.tgz",
      "integrity": "sha1-PH/L9SnYcibz0vUrlm/1Jx60Qd0=",
      "dev": true,
      "requires": {
        "balanced-match": "^1.0.0",
        "concat-map": "0.0.1"
      }
    },
    "chalk": {
      "version": "2.4.1",
      "resolved": "https://registry.npmjs.org/chalk/-/chalk-2.4.1.tgz",
      "integrity": "sha1-GMSasWoDe26wFSzIPjRxM4IVtm4=",
      "dev": true,
      "requires": {
        "ansi-styles": "^3.2.1",
        "escape-string-regexp": "^1.0.5",
        "supports-color": "^5.3.0"
      }
    },
    "color-convert": {
      "version": "1.9.2",
      "resolved": "https://registry.npmjs.org/color-convert/-/color-convert-1.9.2.tgz",
      "integrity": "sha512-3NUJZdhMhcdPn8vJ9v2UQJoH0qqoGUkYTgFEPZaPjEtwmmKUfNV46zZmgB2M5M4DCEQHMaCfWHCxiBflLm04Tg==",
      "dev": true,
      "requires": {
        "color-name": "1.1.1"
      }
    },
    "color-name": {
      "version": "1.1.1",
      "resolved": "https://registry.npmjs.org/color-name/-/color-name-1.1.1.tgz",
      "integrity": "sha1-SxQVMEz1ACjqgWQ2Q72C6gWANok=",
      "dev": true
    },
    "commander": {
      "version": "2.17.1",
      "resolved": "https://registry.npmjs.org/commander/-/commander-2.17.1.tgz",
      "integrity": "sha512-wPMUt6FnH2yzG95SA6mzjQOEKUU3aLaDEmzs1ti+1E9h+CsrZghRlqEM/EJ4KscsQVG8uNN4uVreUeT8+drlgg==",
      "dev": true
    },
    "comment-json": {
      "version": "1.1.3",
      "resolved": "https://registry.npmjs.org/comment-json/-/comment-json-1.1.3.tgz",
      "integrity": "sha1-aYbDMw/uDEyeAMI5jNYa+l2PI54=",
      "dev": true,
      "requires": {
        "json-parser": "^1.0.0"
      }
    },
    "concat-map": {
      "version": "0.0.1",
      "resolved": "https://registry.npmjs.org/concat-map/-/concat-map-0.0.1.tgz",
      "integrity": "sha1-2Klr13/Wjfd5OnMDajug1UBdR3s=",
      "dev": true
    },
    "configstore": {
      "version": "3.1.2",
      "resolved": "https://registry.npmjs.org/configstore/-/configstore-3.1.2.tgz",
      "integrity": "sha1-xvJd767vJt8S3TNBSwAf6BpUP48=",
      "dev": true,
      "requires": {
        "dot-prop": "^4.1.0",
        "graceful-fs": "^4.1.2",
        "make-dir": "^1.0.0",
        "unique-string": "^1.0.0",
        "write-file-atomic": "^2.0.0",
        "xdg-basedir": "^3.0.0"
      }
    },
    "configstore-fork": {
      "version": "3.1.6",
      "resolved": "https://registry.npmjs.org/configstore-fork/-/configstore-fork-3.1.6.tgz",
      "integrity": "sha1-JN5OnA8zRJxiUdkO6rW+R1jmMs8=",
      "dev": true,
      "requires": {
        "dot-prop": "^4.1.0",
        "graceful-fs": "^4.1.2",
        "make-dir": "^1.0.0",
        "unique-string": "^1.0.0",
        "write-file-atomic": "^2.0.0",
        "xdg-basedir": "^3.0.0"
      }
    },
    "crypto-random-string": {
      "version": "1.0.0",
      "resolved": "https://registry.npmjs.org/crypto-random-string/-/crypto-random-string-1.0.0.tgz",
      "integrity": "sha1-ojD2T1aDEOFJgAmUB5DsmVRbyn4=",
      "dev": true
    },
    "cspell": {
      "version": "3.1.3",
      "resolved": "https://registry.npmjs.org/cspell/-/cspell-3.1.3.tgz",
      "integrity": "sha1-8yG9dbPBpLQ++mvrIJfcysui6Lg=",
      "dev": true,
      "requires": {
        "chalk": "^2.4.1",
        "commander": "^2.15.1",
        "comment-json": "^1.1.3",
        "configstore-fork": "^3.1.6",
        "cspell-dict-cpp": "^1.1.8",
        "cspell-dict-django": "^1.0.4",
        "cspell-dict-elixir": "^1.0.1",
        "cspell-dict-en-gb": "^1.1.2",
        "cspell-dict-en_us": "^1.2.5",
        "cspell-dict-golang": "^1.1.3",
        "cspell-dict-java": "^1.0.3",
        "cspell-dict-latex": "^1.0.1",
        "cspell-dict-lorem-ipsum": "^1.0.1",
        "cspell-dict-php": "^1.0.2",
        "cspell-dict-python": "^1.0.3",
        "cspell-dict-rust": "^1.0.0",
        "cspell-dict-scala": "^1.0.3",
        "cspell-lib": "^3.0.2",
        "cspell-trie": "^3.0.4",
        "fs-extra": "^5.0.0",
        "gensequence": "^2.1.1",
        "glob": "^7.1.2",
        "minimatch": "^3.0.4",
        "rxjs": "^6.2.1",
        "vscode-uri": "^1.0.5",
        "xregexp": "^4.2.0"
      }
    },
    "cspell-dict-cpp": {
      "version": "1.1.8",
      "resolved": "https://registry.npmjs.org/cspell-dict-cpp/-/cspell-dict-cpp-1.1.8.tgz",
      "integrity": "sha512-l6/Lc0bCauWuMm/kxjOfS39QuMi8wDIU9c3xeCbbWGNc9rV81VeHRZpCkp+CIfjtTAfIcrn3ZJNzL41oMxTArQ==",
      "dev": true,
      "requires": {
        "configstore": "^3.1.0"
      }
    },
    "cspell-dict-django": {
      "version": "1.0.4",
      "resolved": "https://registry.npmjs.org/cspell-dict-django/-/cspell-dict-django-1.0.4.tgz",
      "integrity": "sha512-UhD1fzgKOLGXZRRB+WjNwqLtWutcXJD1kHzT5ZC3IS613rPlWeK0N4q790Y9IjVk2S1sh3VYcJ/gStHS/CTLqA==",
      "dev": true,
      "requires": {
        "configstore": "^3.1.0"
      }
    },
    "cspell-dict-elixir": {
      "version": "1.0.1",
      "resolved": "https://registry.npmjs.org/cspell-dict-elixir/-/cspell-dict-elixir-1.0.1.tgz",
      "integrity": "sha512-/u9mEmfDZE/LkyrHRUeSy/bdXALeFE8Hwe8cMiVR3P1etJoVog8E8hp3JfkjEzwgIv/c9We9tv9UW5bMlWazGQ==",
      "dev": true,
      "requires": {
        "configstore": "^3.1.0"
      }
    },
    "cspell-dict-en-gb": {
      "version": "1.1.2",
      "resolved": "https://registry.npmjs.org/cspell-dict-en-gb/-/cspell-dict-en-gb-1.1.2.tgz",
      "integrity": "sha512-ry4yNIzjVMZDwSrK7U/0M9vXdbzo7ZFpUHUAYa4r6B4CwUFHBC/d8C0fcav2Hf1jjfQ866AApg00HiRJLP3Aug==",
      "dev": true,
      "requires": {
        "configstore": "^3.1.1"
      }
    },
    "cspell-dict-en_us": {
      "version": "1.2.5",
      "resolved": "https://registry.npmjs.org/cspell-dict-en_us/-/cspell-dict-en_us-1.2.5.tgz",
      "integrity": "sha512-OaoOaVzIGxJeeyAjZE6Re2+S5OuLHsMFzQcZ3qaD87uO0Q7U9TF6EFPJEmwNuR0Ye9o1rXYYMiFKan6EzH40qg==",
      "dev": true,
      "requires": {
        "configstore": "^3.1.0"
      }
    },
    "cspell-dict-golang": {
      "version": "1.1.3",
      "resolved": "https://registry.npmjs.org/cspell-dict-golang/-/cspell-dict-golang-1.1.3.tgz",
      "integrity": "sha512-maImSmm4ctZ5cQ3tFyZr5nglBQ/GwY5OYT1eq6O6USjJRQxzWtzmI1EV8WKng1UEA1i07NqgUDQLejTx3W1hIg==",
      "dev": true,
      "requires": {
        "configstore": "^3.1.0"
      }
    },
    "cspell-dict-java": {
      "version": "1.0.3",
      "resolved": "https://registry.npmjs.org/cspell-dict-java/-/cspell-dict-java-1.0.3.tgz",
      "integrity": "sha1-zCUcIlTvss1JM30Wsm5c8jiy5Xo=",
      "dev": true,
      "requires": {
        "configstore": "^3.1.0"
      }
    },
    "cspell-dict-latex": {
      "version": "1.0.1",
      "resolved": "https://registry.npmjs.org/cspell-dict-latex/-/cspell-dict-latex-1.0.1.tgz",
      "integrity": "sha512-RyK6TgEpt6AfGbXStPi5G7Fy2CFJGmIAYs1ie6Qsyss7h3sAsHk19F2yZvwJU0dlHXyw4LujFbzo9ZR3HR7BIA==",
      "dev": true,
      "requires": {
        "configstore": "^3.1.0"
      }
    },
    "cspell-dict-lorem-ipsum": {
      "version": "1.0.1",
      "resolved": "https://registry.npmjs.org/cspell-dict-lorem-ipsum/-/cspell-dict-lorem-ipsum-1.0.1.tgz",
      "integrity": "sha1-Mole5no/DIq61i70nL2df1l2Auc=",
      "dev": true,
      "requires": {
        "configstore": "^3.1.0"
      }
    },
    "cspell-dict-php": {
      "version": "1.0.2",
      "resolved": "https://registry.npmjs.org/cspell-dict-php/-/cspell-dict-php-1.0.2.tgz",
      "integrity": "sha512-F2NyT9rZ6CmcLhbeGH8OKwLlD9Q5zQConpNDVdu/E/ucEQ+HXIf65Ou5KJzlQcyUGC8P9PUmmUBEF60oW5HcCA==",
      "dev": true,
      "requires": {
        "configstore": "^3.1.0"
      }
    },
    "cspell-dict-python": {
      "version": "1.0.3",
      "resolved": "https://registry.npmjs.org/cspell-dict-python/-/cspell-dict-python-1.0.3.tgz",
      "integrity": "sha512-zQYJu/kWvsZusuMelRk7e9B5xINglh49uLswLv598T+ZptzRzKO83im/yCG0RHBWvgYS+ze0eCpr0Ja5uqHu3Q==",
      "dev": true,
      "requires": {
        "configstore": "^3.1.0"
      }
    },
    "cspell-dict-rust": {
      "version": "1.0.0",
      "resolved": "https://registry.npmjs.org/cspell-dict-rust/-/cspell-dict-rust-1.0.0.tgz",
      "integrity": "sha512-9Rew1ad6yPXQW9fxFQ/J41+fbKg6t9p4oSm7JS0aHuCtWc3w0knFYK7Ty/mVMw6oDFlemBNaBCPZON0M3+oIKg==",
      "dev": true,
      "requires": {
        "configstore": "^3.1.0"
      }
    },
    "cspell-dict-scala": {
      "version": "1.0.3",
      "resolved": "https://registry.npmjs.org/cspell-dict-scala/-/cspell-dict-scala-1.0.3.tgz",
      "integrity": "sha1-ozDr2A/Sfq6aA98K/GdBP8kEkzE=",
      "dev": true,
      "requires": {
        "configstore": "^3.1.0"
      }
    },
    "cspell-lib": {
      "version": "3.0.2",
      "resolved": "https://registry.npmjs.org/cspell-lib/-/cspell-lib-3.0.2.tgz",
      "integrity": "sha512-a6T8qlqnFz40C36Rl/jfu72ev6YyHlN9cwSR0uDwKADl+BOfbvfEPpx9neUB3jYYwIafa3S5BRict7erD/H2EQ==",
      "dev": true,
      "requires": {
        "iconv-lite": "^0.4.22",
        "rxjs-stream": "^2.0.3"
      }
    },
    "cspell-trie": {
      "version": "3.0.4",
      "resolved": "https://registry.npmjs.org/cspell-trie/-/cspell-trie-3.0.4.tgz",
      "integrity": "sha512-dCc8YX54C4pfGcQDV/XpK4AcPfEME6Io+LATvLi0HHmkebuSTzOcal58TgbFXeL6+06s7zqID9K3Oq/wcmEwrw==",
      "dev": true,
      "requires": {
        "commander": "^2.15.1",
        "cspell-lib": "^3.0.2",
        "fs-extra": "^5.0.0",
        "gensequence": "^2.1.1",
        "hunspell-reader": "^2.0.2",
        "rxjs": "^6.1.0",
        "rxjs-stream": "^2.0.3"
      }
    },
    "deep-extend": {
      "version": "0.5.1",
      "resolved": "https://registry.npmjs.org/deep-extend/-/deep-extend-0.5.1.tgz",
      "integrity": "sha1-uJSp3ZDTAj+/HFWjlPuFjrIGbx8=",
      "dev": true
    },
    "dot-prop": {
      "version": "4.2.0",
      "resolved": "https://registry.npmjs.org/dot-prop/-/dot-prop-4.2.0.tgz",
      "integrity": "sha1-HxngwuGqDjJ5fEl5nyg3rGr2nFc=",
      "dev": true,
      "requires": {
        "is-obj": "^1.0.0"
      }
    },
    "entities": {
      "version": "1.1.1",
      "resolved": "https://registry.npmjs.org/entities/-/entities-1.1.1.tgz",
      "integrity": "sha1-blwtClYhtdra7O+AuQ7ftc13cvA=",
      "dev": true
    },
    "escape-string-regexp": {
      "version": "1.0.5",
      "resolved": "https://registry.npmjs.org/escape-string-regexp/-/escape-string-regexp-1.0.5.tgz",
      "integrity": "sha1-G2HAViGQqN/2rjuyzwIAyhMLhtQ=",
      "dev": true
    },
    "esprima": {
      "version": "2.7.3",
      "resolved": "https://registry.npmjs.org/esprima/-/esprima-2.7.3.tgz",
      "integrity": "sha1-luO3DVd59q1JzQMmc9HDEnZ7pYE=",
      "dev": true
    },
    "fs-extra": {
      "version": "5.0.0",
      "resolved": "https://registry.npmjs.org/fs-extra/-/fs-extra-5.0.0.tgz",
      "integrity": "sha1-QU0BEM3QZwVzTQVWUsVBEmDDGr0=",
      "dev": true,
      "requires": {
        "graceful-fs": "^4.1.2",
        "jsonfile": "^4.0.0",
        "universalify": "^0.1.0"
      }
    },
    "fs.realpath": {
      "version": "1.0.0",
      "resolved": "https://registry.npmjs.org/fs.realpath/-/fs.realpath-1.0.0.tgz",
      "integrity": "sha1-FQStJSMVjKpA20onh8sBQRmU6k8=",
      "dev": true
    },
    "gensequence": {
      "version": "2.1.1",
      "resolved": "https://registry.npmjs.org/gensequence/-/gensequence-2.1.1.tgz",
      "integrity": "sha1-3iBD4hIZcL79mykBptgDKCi16BE=",
      "dev": true
    },
    "get-stdin": {
      "version": "5.0.1",
      "resolved": "https://registry.npmjs.org/get-stdin/-/get-stdin-5.0.1.tgz",
      "integrity": "sha1-Ei4WFZHiH/TFJTAwVpPyDmOTo5g=",
      "dev": true
    },
    "glob": {
      "version": "7.1.2",
      "resolved": "https://registry.npmjs.org/glob/-/glob-7.1.2.tgz",
      "integrity": "sha512-MJTUg1kjuLeQCJ+ccE4Vpa6kKVXkPYJ2mOCQyUuKLcLQsdrMCpBPUi8qVE6+YuaJkozeA9NusTAw3hLr8Xe5EQ==",
      "dev": true,
      "requires": {
        "fs.realpath": "^1.0.0",
        "inflight": "^1.0.4",
        "inherits": "2",
        "minimatch": "^3.0.4",
        "once": "^1.3.0",
        "path-is-absolute": "^1.0.0"
      }
    },
    "graceful-fs": {
      "version": "4.1.11",
      "resolved": "https://registry.npmjs.org/graceful-fs/-/graceful-fs-4.1.11.tgz",
      "integrity": "sha1-Dovf5NHduIVNZOBOp8AOKgJuVlg=",
      "dev": true
    },
    "graceful-readlink": {
      "version": "1.0.1",
      "resolved": "https://registry.npmjs.org/graceful-readlink/-/graceful-readlink-1.0.1.tgz",
      "integrity": "sha1-TK+tdrxi8C+gObL5Tpo906ORpyU=",
      "dev": true
    },
    "has-flag": {
      "version": "3.0.0",
      "resolved": "https://registry.npmjs.org/has-flag/-/has-flag-3.0.0.tgz",
      "integrity": "sha1-tdRU3CGZriJWmfNGfloH87lVuv0=",
      "dev": true
    },
    "hunspell-reader": {
      "version": "2.0.3",
      "resolved": "https://registry.npmjs.org/hunspell-reader/-/hunspell-reader-2.0.3.tgz",
      "integrity": "sha512-TYztrMmCOuz/HI2BluZBprWvfqCcQXNErj2ZqJjR/zGWkXkhVwqgcdiW7T8HCHnGQDlV3RuuRlkRcfyo0W9kdQ==",
      "dev": true,
      "requires": {
        "commander": "^2.15.1",
        "cspell-lib": "^3.0.2",
        "fs-extra": "^5.0.0",
        "gensequence": "^2.1.1",
        "rxjs": "^6.2.0",
        "rxjs-stream": "^2.0.3"
      }
    },
    "iconv-lite": {
      "version": "0.4.23",
      "resolved": "https://registry.npmjs.org/iconv-lite/-/iconv-lite-0.4.23.tgz",
      "integrity": "sha512-neyTUVFtahjf0mB3dZT77u+8O0QB89jFdnBkd5P1JgYPbPaia3gXXOVL2fq8VyU2gMMD7SaN7QukTB/pmXYvDA==",
      "dev": true,
      "requires": {
        "safer-buffer": ">= 2.1.2 < 3"
      }
    },
    "imurmurhash": {
      "version": "0.1.4",
      "resolved": "https://registry.npmjs.org/imurmurhash/-/imurmurhash-0.1.4.tgz",
      "integrity": "sha1-khi5srkoojixPcT7a21XbyMUU+o=",
      "dev": true
    },
    "inflight": {
      "version": "1.0.6",
      "resolved": "https://registry.npmjs.org/inflight/-/inflight-1.0.6.tgz",
      "integrity": "sha1-Sb1jMdfQLQwJvJEKEHW6gWW1bfk=",
      "dev": true,
      "requires": {
        "once": "^1.3.0",
        "wrappy": "1"
      }
    },
    "inherits": {
      "version": "2.0.3",
      "resolved": "https://registry.npmjs.org/inherits/-/inherits-2.0.3.tgz",
      "integrity": "sha1-Yzwsg+PaQqUC9SRmAiSA9CCCYd4=",
      "dev": true
    },
    "ini": {
      "version": "1.3.5",
      "resolved": "https://registry.npmjs.org/ini/-/ini-1.3.5.tgz",
      "integrity": "sha1-7uJfVtscnsYIXgwid4CD9Zar+Sc=",
      "dev": true
    },
    "is-obj": {
      "version": "1.0.1",
      "resolved": "https://registry.npmjs.org/is-obj/-/is-obj-1.0.1.tgz",
      "integrity": "sha1-PkcprB9f3gJc19g6iW2rn09n2w8=",
      "dev": true
    },
    "js-yaml": {
      "version": "3.11.0",
      "resolved": "https://registry.npmjs.org/js-yaml/-/js-yaml-3.11.0.tgz",
      "integrity": "sha1-WXwai9VxUvJtYizkEXhRpR9euu8=",
      "dev": true,
      "requires": {
        "argparse": "^1.0.7",
        "esprima": "^4.0.0"
      },
      "dependencies": {
        "esprima": {
          "version": "4.0.1",
          "resolved": "https://registry.npmjs.org/esprima/-/esprima-4.0.1.tgz",
          "integrity": "sha1-E7BM2z5sXRnfkatph6hpVhmwqnE=",
          "dev": true
        }
      }
    },
    "json-parser": {
      "version": "1.1.5",
      "resolved": "https://registry.npmjs.org/json-parser/-/json-parser-1.1.5.tgz",
      "integrity": "sha1-5i7FJh0aal/CDoEqMgdAxtkAVnc=",
      "dev": true,
      "requires": {
        "esprima": "^2.7.0"
      }
    },
    "jsonfile": {
      "version": "4.0.0",
      "resolved": "https://registry.npmjs.org/jsonfile/-/jsonfile-4.0.0.tgz",
      "integrity": "sha1-h3Gq4HmbZAdrdmQPygWPnBDjPss=",
      "dev": true,
      "requires": {
        "graceful-fs": "^4.1.6"
      }
    },
    "linkify-it": {
      "version": "2.0.3",
      "resolved": "https://registry.npmjs.org/linkify-it/-/linkify-it-2.0.3.tgz",
      "integrity": "sha1-2UpGSPmxwXnWT6lykSaL22zpQ08=",
      "dev": true,
      "requires": {
        "uc.micro": "^1.0.1"
      }
    },
    "lodash.differencewith": {
      "version": "4.5.0",
      "resolved": "https://registry.npmjs.org/lodash.differencewith/-/lodash.differencewith-4.5.0.tgz",
      "integrity": "sha1-uvr7yRi1UVTheRdqALsK76rIVLc=",
      "dev": true
    },
    "lodash.flatten": {
      "version": "4.4.0",
      "resolved": "https://registry.npmjs.org/lodash.flatten/-/lodash.flatten-4.4.0.tgz",
      "integrity": "sha1-8xwiIlqWMtK7+OSt2+8kCqdlph8=",
      "dev": true
    },
    "make-dir": {
      "version": "1.3.0",
      "resolved": "https://registry.npmjs.org/make-dir/-/make-dir-1.3.0.tgz",
      "integrity": "sha1-ecEDO4BRW9bSTsmTPoYMp17ifww=",
      "dev": true,
      "requires": {
        "pify": "^3.0.0"
      }
    },
    "markdown-it": {
      "version": "8.4.2",
      "resolved": "https://registry.npmjs.org/markdown-it/-/markdown-it-8.4.2.tgz",
      "integrity": "sha1-OG+YmY3BWjdyKqdyIIT0Agvdm1Q=",
      "dev": true,
      "requires": {
        "argparse": "^1.0.7",
        "entities": "~1.1.1",
        "linkify-it": "^2.0.0",
        "mdurl": "^1.0.1",
        "uc.micro": "^1.0.5"
      }
    },
    "markdownlint": {
      "version": "0.11.0",
      "resolved": "https://registry.npmjs.org/markdownlint/-/markdownlint-0.11.0.tgz",
      "integrity": "sha1-OFi728GreKvwwJjYQccrY90yBqA=",
      "dev": true,
      "requires": {
        "markdown-it": "8.4.2"
      }
    },
    "markdownlint-cli": {
      "version": "0.13.0",
      "resolved": "https://registry.npmjs.org/markdownlint-cli/-/markdownlint-cli-0.13.0.tgz",
      "integrity": "sha1-rx0p5di0NCVsRRyBuH3/HCGIRMs=",
      "dev": true,
      "requires": {
        "commander": "~2.9.0",
        "deep-extend": "~0.5.1",
        "get-stdin": "~5.0.1",
        "glob": "~7.1.2",
        "js-yaml": "~3.11.0",
        "lodash.differencewith": "~4.5.0",
        "lodash.flatten": "~4.4.0",
        "markdownlint": "~0.11.0",
        "minimatch": "~3.0.4",
        "rc": "~1.2.7"
      },
      "dependencies": {
        "commander": {
          "version": "2.9.0",
          "resolved": "https://registry.npmjs.org/commander/-/commander-2.9.0.tgz",
          "integrity": "sha1-nJkJQXbhIkDLItbFFGCYQA/g99Q=",
          "dev": true,
          "requires": {
            "graceful-readlink": ">= 1.0.0"
          }
        }
      }
    },
    "mdurl": {
      "version": "1.0.1",
      "resolved": "https://registry.npmjs.org/mdurl/-/mdurl-1.0.1.tgz",
      "integrity": "sha1-/oWy7HWlkDfyrf7BAP1sYBdhFS4=",
      "dev": true
    },
    "minimatch": {
      "version": "3.0.4",
      "resolved": "https://registry.npmjs.org/minimatch/-/minimatch-3.0.4.tgz",
      "integrity": "sha1-UWbihkV/AzBgZL5Ul+jbsMPTIIM=",
      "dev": true,
      "requires": {
        "brace-expansion": "^1.1.7"
      }
    },
    "minimist": {
      "version": "1.2.0",
      "resolved": "https://registry.npmjs.org/minimist/-/minimist-1.2.0.tgz",
      "integrity": "sha1-o1AIsg9BOD7sH7kU9M1d95omQoQ=",
      "dev": true
    },
    "once": {
      "version": "1.4.0",
      "resolved": "https://registry.npmjs.org/once/-/once-1.4.0.tgz",
      "integrity": "sha1-WDsap3WWHUsROsF9nFC6753Xa9E=",
      "dev": true,
      "requires": {
        "wrappy": "1"
      }
    },
    "path-is-absolute": {
      "version": "1.0.1",
      "resolved": "https://registry.npmjs.org/path-is-absolute/-/path-is-absolute-1.0.1.tgz",
      "integrity": "sha1-F0uSaHNVNP+8es5r9TpanhtcX18=",
      "dev": true
    },
    "pify": {
      "version": "3.0.0",
      "resolved": "https://registry.npmjs.org/pify/-/pify-3.0.0.tgz",
      "integrity": "sha1-5aSs0sEB/fPZpNB/DbxNtJ3SgXY=",
      "dev": true
    },
    "rc": {
      "version": "1.2.8",
      "resolved": "https://registry.npmjs.org/rc/-/rc-1.2.8.tgz",
      "integrity": "sha1-zZJL9SAKB1uDwYjNa54hG3/A0+0=",
      "dev": true,
      "requires": {
        "deep-extend": "^0.6.0",
        "ini": "~1.3.0",
        "minimist": "^1.2.0",
        "strip-json-comments": "~2.0.1"
      },
      "dependencies": {
        "deep-extend": {
          "version": "0.6.0",
          "resolved": "https://registry.npmjs.org/deep-extend/-/deep-extend-0.6.0.tgz",
          "integrity": "sha1-xPp8lUBKF6nD6Mp+FTcxK3NjMKw=",
          "dev": true
        }
      }
    },
    "rxjs": {
      "version": "6.2.2",
      "resolved": "https://registry.npmjs.org/rxjs/-/rxjs-6.2.2.tgz",
      "integrity": "sha512-0MI8+mkKAXZUF9vMrEoPnaoHkfzBPP4IGwUYRJhIRJF6/w3uByO1e91bEHn8zd43RdkTMKiooYKmwz7RH6zfOQ==",
      "dev": true,
      "requires": {
        "tslib": "^1.9.0"
      }
    },
    "rxjs-stream": {
      "version": "2.0.3",
      "resolved": "https://registry.npmjs.org/rxjs-stream/-/rxjs-stream-2.0.3.tgz",
      "integrity": "sha512-i8sN1i6hld1n0gK8pJEtJIERwz5MgpRvVx3US9tPG1ynJSonFq/VlRx2DFSx0zTyhE4Vl96/rIYSZ6lJdP810g==",
      "dev": true
    },
    "safer-buffer": {
      "version": "2.1.2",
      "resolved": "https://registry.npmjs.org/safer-buffer/-/safer-buffer-2.1.2.tgz",
      "integrity": "sha1-RPoWGwGHuVSd2Eu5GAL5vYOFzWo=",
      "dev": true
    },
    "signal-exit": {
      "version": "3.0.2",
      "resolved": "https://registry.npmjs.org/signal-exit/-/signal-exit-3.0.2.tgz",
      "integrity": "sha1-tf3AjxKH6hF4Yo5BXiUTK3NkbG0=",
      "dev": true
    },
    "sprintf-js": {
      "version": "1.0.3",
      "resolved": "https://registry.npmjs.org/sprintf-js/-/sprintf-js-1.0.3.tgz",
      "integrity": "sha1-BOaSb2YolTVPPdAVIDYzuFcpfiw=",
      "dev": true
    },
    "strip-json-comments": {
      "version": "2.0.1",
      "resolved": "https://registry.npmjs.org/strip-json-comments/-/strip-json-comments-2.0.1.tgz",
      "integrity": "sha1-PFMZQukIwml8DsNEhYwobHygpgo=",
      "dev": true
    },
    "supports-color": {
      "version": "5.4.0",
      "resolved": "https://registry.npmjs.org/supports-color/-/supports-color-5.4.0.tgz",
      "integrity": "sha512-zjaXglF5nnWpsq470jSv6P9DwPvgLkuapYmfDm3JWOm0vkNTVF2tI4UrN2r6jH1qM/uc/WtxYY1hYoA2dOKj5w==",
      "dev": true,
      "requires": {
        "has-flag": "^3.0.0"
      }
    },
    "tslib": {
      "version": "1.9.3",
      "resolved": "https://registry.npmjs.org/tslib/-/tslib-1.9.3.tgz",
      "integrity": "sha1-1+TdeSRdhUKMTX5IIqeZF5VMooY=",
      "dev": true
    },
    "uc.micro": {
      "version": "1.0.5",
      "resolved": "https://registry.npmjs.org/uc.micro/-/uc.micro-1.0.5.tgz",
      "integrity": "sha1-DGXxX4FaoItWCmHOi023/8P0U3Y=",
      "dev": true
    },
    "unique-string": {
      "version": "1.0.0",
      "resolved": "https://registry.npmjs.org/unique-string/-/unique-string-1.0.0.tgz",
      "integrity": "sha1-nhBXzKhRq7kzmPizOuGHuZyuwRo=",
      "dev": true,
      "requires": {
        "crypto-random-string": "^1.0.0"
      }
    },
    "universalify": {
      "version": "0.1.2",
      "resolved": "https://registry.npmjs.org/universalify/-/universalify-0.1.2.tgz",
      "integrity": "sha1-tkb2m+OULavOzJ1mOcgNwQXvqmY=",
      "dev": true
    },
    "vscode-uri": {
      "version": "1.0.5",
      "resolved": "https://registry.npmjs.org/vscode-uri/-/vscode-uri-1.0.5.tgz",
      "integrity": "sha1-O4majvccN/MFTXm9vdoxx7828g0=",
      "dev": true
    },
    "wrappy": {
      "version": "1.0.2",
      "resolved": "https://registry.npmjs.org/wrappy/-/wrappy-1.0.2.tgz",
      "integrity": "sha1-tSQ9jz7BqjXxNkYFvA0QNuMKtp8=",
      "dev": true
    },
    "write-file-atomic": {
      "version": "2.3.0",
      "resolved": "https://registry.npmjs.org/write-file-atomic/-/write-file-atomic-2.3.0.tgz",
      "integrity": "sha1-H/YVdcLipOjlENb6TiQ8zhg5mas=",
      "dev": true,
      "requires": {
        "graceful-fs": "^4.1.11",
        "imurmurhash": "^0.1.4",
        "signal-exit": "^3.0.2"
      }
    },
    "xdg-basedir": {
      "version": "3.0.0",
      "resolved": "https://registry.npmjs.org/xdg-basedir/-/xdg-basedir-3.0.0.tgz",
      "integrity": "sha1-SWsswQnsqNus/i3HK2A8F8WHCtQ=",
      "dev": true
    },
    "xregexp": {
      "version": "4.2.0",
      "resolved": "https://registry.npmjs.org/xregexp/-/xregexp-4.2.0.tgz",
      "integrity": "sha1-M/CVQrDXyr7UZyjurKxNW9dkzPU=",
      "dev": true
    }
  }
}
